# This file is automatically @generated by Poetry 1.7.1 and should not be changed by hand.

[[package]]
name = "readchar"
version = "4.2.1"
description = "Library to easily read single chars and key strokes"
optional = false
python-versions = ">=3.8"
files = [
    {file = "readchar-4.2.1-py3-none-any.whl", hash = "sha256:a769305cd3994bb5fa2764aa4073452dc105a4ec39068ffe6efd3c20c60acc77"},
    {file = "readchar-4.2.1.tar.gz", hash = "sha256:91ce3faf07688de14d800592951e5575e9c7a3213738ed01d394dcc949b79adb"},
]

[metadata]
lock-version = "2.0"
python-versions = "^3.9"
content-hash = "24ff1f11f1932313b4af939c7e7cd47007eca9ad56d763e2cae78469fd298e7e"
